
Microsoft Visual Studio Solution File, Format Version 12.00
# Visual Studio Version 17
VisualStudioVersion = 17.8.34525.116
MinimumVisualStudioVersion = 10.0.40219.1
Project("{FAE04EC0-301F-11D3-BF4B-00C04F79EFBC}") = "OstiumE", "OstiumE\OstiumE.csproj", "{413B6928-36D1-4F3C-AE3B-B6C8EB4AAEC9}"
EndProject
Global
	GlobalSection(SolutionConfigurationPlatforms) = preSolution
		Debug|Any CPU = Debug|Any CPU
		Release|Any CPU = Release|Any CPU
	EndGlobalSection
	GlobalSection(ProjectConfigurationPlatforms) = postSolution
		{413B6928-36D1-4F3C-AE3B-B6C8EB4AAEC9}.Debug|Any CPU.ActiveCfg = Debug|Any CPU
		{413B6928-36D1-4F3C-AE3B-B6C8EB4AAEC9}.Debug|Any CPU.Build.0 = Debug|Any CPU
		{413B6928-36D1-4F3C-AE3B-B6C8EB4AAEC9}.Release|Any CPU.ActiveCfg = Release|Any CPU
		{413B6928-36D1-4F3C-AE3B-B6C8EB4AAEC9}.Release|Any CPU.Build.0 = Release|Any CPU
	EndGlobalSection
	GlobalSection(SolutionProperties) = preSolution
		HideSolutionNode = FALSE
	EndGlobalSection
	GlobalSection(ExtensibilityGlobals) = postSolution
		SolutionGuid = {28F5A467-C1F3-4E57-9AB6-8CEB2286674D}
	EndGlobalSection
EndGlobal
